
Microsoft Visual Studio Solution File, Format Version 12.00
# Visual Studio Version 17
VisualStudioVersion = 17.1.32421.90
MinimumVisualStudioVersion = 10.0.40219.1
Project("{9A19103F-16F7-4668-BE54-9A1E7A4F7556}") = "FluentGenerator.Test", "FluentGenerator.Test\FluentGenerator.Test.csproj", "{38E82A35-5765-46BB-AE2F-CB64108535B4}"
EndProject
Project("{9A19103F-16F7-4668-BE54-9A1E7A4F7556}") = "FluentGenerator.Prototype", "FluentGenerator.Prototype\FluentGenerator.Prototype.csproj", "{B848FA8F-D13A-4963-94F3-E1E49D663F95}"
EndProject
Project("{FAE04EC0-301F-11D3-BF4B-00C04F79EFBC}") = "FluentGenerator.Demo", "FluentGenerator.Demo\FluentGenerator.Demo.csproj", "{9501AA02-AF2E-476E-86F5-B9977F9A9012}"
EndProject
Global
	GlobalSection(SolutionConfigurationPlatforms) = preSolution
		Debug|Any CPU = Debug|Any CPU
		Release|Any CPU = Release|Any CPU
	EndGlobalSection
	GlobalSection(ProjectConfigurationPlatforms) = postSolution
		{38E82A35-5765-46BB-AE2F-CB64108535B4}.Debug|Any CPU.ActiveCfg = Debug|Any CPU
		{38E82A35-5765-46BB-AE2F-CB64108535B4}.Debug|Any CPU.Build.0 = Debug|Any CPU
		{38E82A35-5765-46BB-AE2F-CB64108535B4}.Release|Any CPU.ActiveCfg = Release|Any CPU
		{38E82A35-5765-46BB-AE2F-CB64108535B4}.Release|Any CPU.Build.0 = Release|Any CPU
		{B848FA8F-D13A-4963-94F3-E1E49D663F95}.Debug|Any CPU.ActiveCfg = Debug|Any CPU
		{B848FA8F-D13A-4963-94F3-E1E49D663F95}.Debug|Any CPU.Build.0 = Debug|Any CPU
		{B848FA8F-D13A-4963-94F3-E1E49D663F95}.Release|Any CPU.ActiveCfg = Release|Any CPU
		{B848FA8F-D13A-4963-94F3-E1E49D663F95}.Release|Any CPU.Build.0 = Release|Any CPU
		{9501AA02-AF2E-476E-86F5-B9977F9A9012}.Debug|Any CPU.ActiveCfg = Debug|Any CPU
		{9501AA02-AF2E-476E-86F5-B9977F9A9012}.Debug|Any CPU.Build.0 = Debug|Any CPU
		{9501AA02-AF2E-476E-86F5-B9977F9A9012}.Release|Any CPU.ActiveCfg = Release|Any CPU
		{9501AA02-AF2E-476E-86F5-B9977F9A9012}.Release|Any CPU.Build.0 = Release|Any CPU
	EndGlobalSection
	GlobalSection(SolutionProperties) = preSolution
		HideSolutionNode = FALSE
	EndGlobalSection
	GlobalSection(ExtensibilityGlobals) = postSolution
		SolutionGuid = {38819D6E-43CA-484E-8B85-2E97B40C08BA}
	EndGlobalSection
EndGlobal
